
Microsoft Visual Studio Solution File, Format Version 12.00
# Visual Studio Version 16
VisualStudioVersion = 16.0.34729.46
MinimumVisualStudioVersion = 10.0.40219.1
Project("{FAE04EC0-301F-11D3-BF4B-00C04F79EFBC}") = "Exercício 3", "Exercício 3\Exercício 3.csproj", "{3188CE1C-6E43-4E0B-8C29-961CB62BACFC}"
EndProject
Global
	GlobalSection(SolutionConfigurationPlatforms) = preSolution
		Debug|Any CPU = Debug|Any CPU
		Release|Any CPU = Release|Any CPU
	EndGlobalSection
	GlobalSection(ProjectConfigurationPlatforms) = postSolution
		{3188CE1C-6E43-4E0B-8C29-961CB62BACFC}.Debug|Any CPU.ActiveCfg = Debug|Any CPU
		{3188CE1C-6E43-4E0B-8C29-961CB62BACFC}.Debug|Any CPU.Build.0 = Debug|Any CPU
		{3188CE1C-6E43-4E0B-8C29-961CB62BACFC}.Release|Any CPU.ActiveCfg = Release|Any CPU
		{3188CE1C-6E43-4E0B-8C29-961CB62BACFC}.Release|Any CPU.Build.0 = Release|Any CPU
	EndGlobalSection
	GlobalSection(SolutionProperties) = preSolution
		HideSolutionNode = FALSE
	EndGlobalSection
	GlobalSection(ExtensibilityGlobals) = postSolution
		SolutionGuid = {90AA9E34-8CCB-4F7D-A55A-5C78D475116E}
	EndGlobalSection
EndGlobal
